
Microsoft Visual Studio Solution File, Format Version 12.00
# Visual Studio Version 17
VisualStudioVersion = 17.4.33110.190
MinimumVisualStudioVersion = 10.0.40219.1
Project("{FAE04EC0-301F-11D3-BF4B-00C04F79EFBC}") = "AdventOfCode2022", "AdventOfCode2022\AdventOfCode2022.csproj", "{DDDFD598-6CD4-4DF1-B040-822A8F89FB42}"
EndProject
Global
	GlobalSection(SolutionConfigurationPlatforms) = preSolution
		Debug|Any CPU = Debug|Any CPU
		Release|Any CPU = Release|Any CPU
	EndGlobalSection
	GlobalSection(ProjectConfigurationPlatforms) = postSolution
		{DDDFD598-6CD4-4DF1-B040-822A8F89FB42}.Debug|Any CPU.ActiveCfg = Debug|Any CPU
		{DDDFD598-6CD4-4DF1-B040-822A8F89FB42}.Debug|Any CPU.Build.0 = Debug|Any CPU
		{DDDFD598-6CD4-4DF1-B040-822A8F89FB42}.Release|Any CPU.ActiveCfg = Release|Any CPU
		{DDDFD598-6CD4-4DF1-B040-822A8F89FB42}.Release|Any CPU.Build.0 = Release|Any CPU
	EndGlobalSection
	GlobalSection(SolutionProperties) = preSolution
		HideSolutionNode = FALSE
	EndGlobalSection
	GlobalSection(ExtensibilityGlobals) = postSolution
		SolutionGuid = {E0C6E33E-D66F-4714-B7B0-84D2DBF08D14}
	EndGlobalSection
EndGlobal
